
Microsoft Visual Studio Solution File, Format Version 12.00
# Visual Studio Version 17
VisualStudioVersion = 17.0.31903.59
MinimumVisualStudioVersion = 10.0.40219.1
Project("{2150E333-8FDC-42A3-9474-1A3956D46DE8}") = "src", "src", "{84E911D6-A10C-4668-8016-425CA0312E36}"
EndProject
Project("{FAE04EC0-301F-11D3-BF4B-00C04F79EFBC}") = "Setl", "src\Setl\Setl.csproj", "{417F44BD-DC90-486F-82E2-3144B32B8DD3}"
EndProject
Project("{FAE04EC0-301F-11D3-BF4B-00C04F79EFBC}") = "Setl.Tests", "src\Setl.Tests\Setl.Tests.csproj", "{0E3676E0-6382-4577-B6FB-9469CB15C1A9}"
EndProject
Project("{FAE04EC0-301F-11D3-BF4B-00C04F79EFBC}") = "Setl.Cmd", "src\Setl.Cmd\Setl.Cmd.csproj", "{BB59F139-206B-4B4A-840E-5CE50D20E39E}"
EndProject
Project("{FAE04EC0-301F-11D3-BF4B-00C04F79EFBC}") = "Setl.Text", "src\Setl.Text\Setl.Text.csproj", "{E5880E4B-2659-4FAC-AD3B-17889E7D6B8E}"
EndProject
Project("{FAE04EC0-301F-11D3-BF4B-00C04F79EFBC}") = "Setl.Text.Tests", "src\Setl.Text.Tests\Setl.Text.Tests.csproj", "{580A1F23-9577-4FD9-ADE9-F252294DC5C4}"
EndProject
Project("{FAE04EC0-301F-11D3-BF4B-00C04F79EFBC}") = "Sandbox", "src\Sandbox\Sandbox.csproj", "{AE3ABFC6-CD5E-41FB-92B4-7B242F7B2410}"
EndProject
Project("{FAE04EC0-301F-11D3-BF4B-00C04F79EFBC}") = "Sandbox.Tests", "src\Sandbox.Tests\Sandbox.Tests.csproj", "{0EE0C8BD-70A3-4BEF-9996-FA39B7A97E5B}"
EndProject
Global
	GlobalSection(SolutionConfigurationPlatforms) = preSolution
		Debug|Any CPU = Debug|Any CPU
		Debug|x64 = Debug|x64
		Debug|x86 = Debug|x86
		Release|Any CPU = Release|Any CPU
		Release|x64 = Release|x64
		Release|x86 = Release|x86
	EndGlobalSection
	GlobalSection(ProjectConfigurationPlatforms) = postSolution
		{417F44BD-DC90-486F-82E2-3144B32B8DD3}.Debug|Any CPU.ActiveCfg = Debug|Any CPU
		{417F44BD-DC90-486F-82E2-3144B32B8DD3}.Debug|Any CPU.Build.0 = Debug|Any CPU
		{417F44BD-DC90-486F-82E2-3144B32B8DD3}.Debug|x64.ActiveCfg = Debug|Any CPU
		{417F44BD-DC90-486F-82E2-3144B32B8DD3}.Debug|x64.Build.0 = Debug|Any CPU
		{417F44BD-DC90-486F-82E2-3144B32B8DD3}.Debug|x86.ActiveCfg = Debug|Any CPU
		{417F44BD-DC90-486F-82E2-3144B32B8DD3}.Debug|x86.Build.0 = Debug|Any CPU
		{417F44BD-DC90-486F-82E2-3144B32B8DD3}.Release|Any CPU.ActiveCfg = Release|Any CPU
		{417F44BD-DC90-486F-82E2-3144B32B8DD3}.Release|Any CPU.Build.0 = Release|Any CPU
		{417F44BD-DC90-486F-82E2-3144B32B8DD3}.Release|x64.ActiveCfg = Release|Any CPU
		{417F44BD-DC90-486F-82E2-3144B32B8DD3}.Release|x64.Build.0 = Release|Any CPU
		{417F44BD-DC90-486F-82E2-3144B32B8DD3}.Release|x86.ActiveCfg = Release|Any CPU
		{417F44BD-DC90-486F-82E2-3144B32B8DD3}.Release|x86.Build.0 = Release|Any CPU
		{0E3676E0-6382-4577-B6FB-9469CB15C1A9}.Debug|Any CPU.ActiveCfg = Debug|Any CPU
		{0E3676E0-6382-4577-B6FB-9469CB15C1A9}.Debug|Any CPU.Build.0 = Debug|Any CPU
		{0E3676E0-6382-4577-B6FB-9469CB15C1A9}.Debug|x64.ActiveCfg = Debug|Any CPU
		{0E3676E0-6382-4577-B6FB-9469CB15C1A9}.Debug|x64.Build.0 = Debug|Any CPU
		{0E3676E0-6382-4577-B6FB-9469CB15C1A9}.Debug|x86.ActiveCfg = Debug|Any CPU
		{0E3676E0-6382-4577-B6FB-9469CB15C1A9}.Debug|x86.Build.0 = Debug|Any CPU
		{0E3676E0-6382-4577-B6FB-9469CB15C1A9}.Release|Any CPU.ActiveCfg = Release|Any CPU
		{0E3676E0-6382-4577-B6FB-9469CB15C1A9}.Release|Any CPU.Build.0 = Release|Any CPU
		{0E3676E0-6382-4577-B6FB-9469CB15C1A9}.Release|x64.ActiveCfg = Release|Any CPU
		{0E3676E0-6382-4577-B6FB-9469CB15C1A9}.Release|x64.Build.0 = Release|Any CPU
		{0E3676E0-6382-4577-B6FB-9469CB15C1A9}.Release|x86.ActiveCfg = Release|Any CPU
		{0E3676E0-6382-4577-B6FB-9469CB15C1A9}.Release|x86.Build.0 = Release|Any CPU
		{BB59F139-206B-4B4A-840E-5CE50D20E39E}.Debug|Any CPU.ActiveCfg = Debug|Any CPU
		{BB59F139-206B-4B4A-840E-5CE50D20E39E}.Debug|Any CPU.Build.0 = Debug|Any CPU
		{BB59F139-206B-4B4A-840E-5CE50D20E39E}.Debug|x64.ActiveCfg = Debug|Any CPU
		{BB59F139-206B-4B4A-840E-5CE50D20E39E}.Debug|x64.Build.0 = Debug|Any CPU
		{BB59F139-206B-4B4A-840E-5CE50D20E39E}.Debug|x86.ActiveCfg = Debug|Any CPU
		{BB59F139-206B-4B4A-840E-5CE50D20E39E}.Debug|x86.Build.0 = Debug|Any CPU
		{BB59F139-206B-4B4A-840E-5CE50D20E39E}.Release|Any CPU.ActiveCfg = Release|Any CPU
		{BB59F139-206B-4B4A-840E-5CE50D20E39E}.Release|Any CPU.Build.0 = Release|Any CPU
		{BB59F139-206B-4B4A-840E-5CE50D20E39E}.Release|x64.ActiveCfg = Release|Any CPU
		{BB59F139-206B-4B4A-840E-5CE50D20E39E}.Release|x64.Build.0 = Release|Any CPU
		{BB59F139-206B-4B4A-840E-5CE50D20E39E}.Release|x86.ActiveCfg = Release|Any CPU
		{BB59F139-206B-4B4A-840E-5CE50D20E39E}.Release|x86.Build.0 = Release|Any CPU
		{E5880E4B-2659-4FAC-AD3B-17889E7D6B8E}.Debug|Any CPU.ActiveCfg = Debug|Any CPU
		{E5880E4B-2659-4FAC-AD3B-17889E7D6B8E}.Debug|Any CPU.Build.0 = Debug|Any CPU
		{E5880E4B-2659-4FAC-AD3B-17889E7D6B8E}.Debug|x64.ActiveCfg = Debug|Any CPU
		{E5880E4B-2659-4FAC-AD3B-17889E7D6B8E}.Debug|x64.Build.0 = Debug|Any CPU
		{E5880E4B-2659-4FAC-AD3B-17889E7D6B8E}.Debug|x86.ActiveCfg = Debug|Any CPU
		{E5880E4B-2659-4FAC-AD3B-17889E7D6B8E}.Debug|x86.Build.0 = Debug|Any CPU
		{E5880E4B-2659-4FAC-AD3B-17889E7D6B8E}.Release|Any CPU.ActiveCfg = Release|Any CPU
		{E5880E4B-2659-4FAC-AD3B-17889E7D6B8E}.Release|Any CPU.Build.0 = Release|Any CPU
		{E5880E4B-2659-4FAC-AD3B-17889E7D6B8E}.Release|x64.ActiveCfg = Release|Any CPU
		{E5880E4B-2659-4FAC-AD3B-17889E7D6B8E}.Release|x64.Build.0 = Release|Any CPU
		{E5880E4B-2659-4FAC-AD3B-17889E7D6B8E}.Release|x86.ActiveCfg = Release|Any CPU
		{E5880E4B-2659-4FAC-AD3B-17889E7D6B8E}.Release|x86.Build.0 = Release|Any CPU
		{580A1F23-9577-4FD9-ADE9-F252294DC5C4}.Debug|Any CPU.ActiveCfg = Debug|Any CPU
		{580A1F23-9577-4FD9-ADE9-F252294DC5C4}.Debug|Any CPU.Build.0 = Debug|Any CPU
		{580A1F23-9577-4FD9-ADE9-F252294DC5C4}.Debug|x64.ActiveCfg = Debug|Any CPU
		{580A1F23-9577-4FD9-ADE9-F252294DC5C4}.Debug|x64.Build.0 = Debug|Any CPU
		{580A1F23-9577-4FD9-ADE9-F252294DC5C4}.Debug|x86.ActiveCfg = Debug|Any CPU
		{580A1F23-9577-4FD9-ADE9-F252294DC5C4}.Debug|x86.Build.0 = Debug|Any CPU
		{580A1F23-9577-4FD9-ADE9-F252294DC5C4}.Release|Any CPU.ActiveCfg = Release|Any CPU
		{580A1F23-9577-4FD9-ADE9-F252294DC5C4}.Release|Any CPU.Build.0 = Release|Any CPU
		{580A1F23-9577-4FD9-ADE9-F252294DC5C4}.Release|x64.ActiveCfg = Release|Any CPU
		{580A1F23-9577-4FD9-ADE9-F252294DC5C4}.Release|x64.Build.0 = Release|Any CPU
		{580A1F23-9577-4FD9-ADE9-F252294DC5C4}.Release|x86.ActiveCfg = Release|Any CPU
		{580A1F23-9577-4FD9-ADE9-F252294DC5C4}.Release|x86.Build.0 = Release|Any CPU
		{AE3ABFC6-CD5E-41FB-92B4-7B242F7B2410}.Debug|Any CPU.ActiveCfg = Debug|Any CPU
		{AE3ABFC6-CD5E-41FB-92B4-7B242F7B2410}.Debug|Any CPU.Build.0 = Debug|Any CPU
		{AE3ABFC6-CD5E-41FB-92B4-7B242F7B2410}.Debug|x64.ActiveCfg = Debug|Any CPU
		{AE3ABFC6-CD5E-41FB-92B4-7B242F7B2410}.Debug|x64.Build.0 = Debug|Any CPU
		{AE3ABFC6-CD5E-41FB-92B4-7B242F7B2410}.Debug|x86.ActiveCfg = Debug|Any CPU
		{AE3ABFC6-CD5E-41FB-92B4-7B242F7B2410}.Debug|x86.Build.0 = Debug|Any CPU
		{AE3ABFC6-CD5E-41FB-92B4-7B242F7B2410}.Release|Any CPU.ActiveCfg = Release|Any CPU
		{AE3ABFC6-CD5E-41FB-92B4-7B242F7B2410}.Release|Any CPU.Build.0 = Release|Any CPU
		{AE3ABFC6-CD5E-41FB-92B4-7B242F7B2410}.Release|x64.ActiveCfg = Release|Any CPU
		{AE3ABFC6-CD5E-41FB-92B4-7B242F7B2410}.Release|x64.Build.0 = Release|Any CPU
		{AE3ABFC6-CD5E-41FB-92B4-7B242F7B2410}.Release|x86.ActiveCfg = Release|Any CPU
		{AE3ABFC6-CD5E-41FB-92B4-7B242F7B2410}.Release|x86.Build.0 = Release|Any CPU
		{0EE0C8BD-70A3-4BEF-9996-FA39B7A97E5B}.Debug|Any CPU.ActiveCfg = Debug|Any CPU
		{0EE0C8BD-70A3-4BEF-9996-FA39B7A97E5B}.Debug|Any CPU.Build.0 = Debug|Any CPU
		{0EE0C8BD-70A3-4BEF-9996-FA39B7A97E5B}.Debug|x64.ActiveCfg = Debug|Any CPU
		{0EE0C8BD-70A3-4BEF-9996-FA39B7A97E5B}.Debug|x64.Build.0 = Debug|Any CPU
		{0EE0C8BD-70A3-4BEF-9996-FA39B7A97E5B}.Debug|x86.ActiveCfg = Debug|Any CPU
		{0EE0C8BD-70A3-4BEF-9996-FA39B7A97E5B}.Debug|x86.Build.0 = Debug|Any CPU
		{0EE0C8BD-70A3-4BEF-9996-FA39B7A97E5B}.Release|Any CPU.ActiveCfg = Release|Any CPU
		{0EE0C8BD-70A3-4BEF-9996-FA39B7A97E5B}.Release|Any CPU.Build.0 = Release|Any CPU
		{0EE0C8BD-70A3-4BEF-9996-FA39B7A97E5B}.Release|x64.ActiveCfg = Release|Any CPU
		{0EE0C8BD-70A3-4BEF-9996-FA39B7A97E5B}.Release|x64.Build.0 = Release|Any CPU
		{0EE0C8BD-70A3-4BEF-9996-FA39B7A97E5B}.Release|x86.ActiveCfg = Release|Any CPU
		{0EE0C8BD-70A3-4BEF-9996-FA39B7A97E5B}.Release|x86.Build.0 = Release|Any CPU
	EndGlobalSection
	GlobalSection(SolutionProperties) = preSolution
		HideSolutionNode = FALSE
	EndGlobalSection
	GlobalSection(NestedProjects) = preSolution
		{417F44BD-DC90-486F-82E2-3144B32B8DD3} = {84E911D6-A10C-4668-8016-425CA0312E36}
		{0E3676E0-6382-4577-B6FB-9469CB15C1A9} = {84E911D6-A10C-4668-8016-425CA0312E36}
		{BB59F139-206B-4B4A-840E-5CE50D20E39E} = {84E911D6-A10C-4668-8016-425CA0312E36}
		{E5880E4B-2659-4FAC-AD3B-17889E7D6B8E} = {84E911D6-A10C-4668-8016-425CA0312E36}
		{580A1F23-9577-4FD9-ADE9-F252294DC5C4} = {84E911D6-A10C-4668-8016-425CA0312E36}
		{AE3ABFC6-CD5E-41FB-92B4-7B242F7B2410} = {84E911D6-A10C-4668-8016-425CA0312E36}
		{0EE0C8BD-70A3-4BEF-9996-FA39B7A97E5B} = {84E911D6-A10C-4668-8016-425CA0312E36}
	EndGlobalSection
EndGlobal
